// !$*UTF8*$!
{
	archiveVersion = 1;
	classes = {
	};
	objectVersion = 54;
	objects = {

/* Begin PBXBuildFile section */
		0F1E2D3C4B5A69788796A5B4 /* LaunchScreen.storyboard in Resources */ = {isa = PBXBuildFile; fileRef = 1A2B3C4D5E6F708192A3B4C5 /* LaunchScreen.storyboard */; };
		1F3A6E5B9C4D7A8E1B2C3D4E /* TrackGradeLaunchConfiguration.swift in Sources */ = {isa = PBXBuildFile; fileRef = 3B4C5D6E7F8091A2B3C4D5E6 /* TrackGradeLaunchConfiguration.swift */; };
		1FA6C6D98A7E4D75A6B5D8E2 /* Assets.xcassets in Resources */ = {isa = PBXBuildFile; fileRef = 4B55F75D9C264FC1A9F5D7C2 /* Assets.xcassets */; };
		1C7E5F2B9A4D41C1A0B1C2D3 /* CDL.swift in Sources */ = {isa = PBXBuildFile; fileRef = 5643DBB9C9225A716F1E0DC6 /* CDL.swift */; };
		20191BD5DBB39584F98F3567 /* TrackGradeKeychainStore.swift in Sources */ = {isa = PBXBuildFile; fileRef = 83FE92E3B46E2EDD25D6A84F /* TrackGradeKeychainStore.swift */; };
		2A4B6C8D0E1F23456789ABCD /* TrackGradeUITests.swift in Sources */ = {isa = PBXBuildFile; fileRef = 1FC308DD55BD72E143130C7F /* TrackGradeUITests.swift */; };
		2AFFEB6486133495102E5BA6 /* DeviceManager.swift in Sources */ = {isa = PBXBuildFile; fileRef = 03F0E651F44C3F9FEE012E08 /* DeviceManager.swift */; };
		3C0A5E4E6F7A8B9C0D1E2F30 /* DynamicLUTUploadQueue.swift in Sources */ = {isa = PBXBuildFile; fileRef = 3C0A5E4E6F7A8B9C0D1E2F31 /* DynamicLUTUploadQueue.swift */; };
		4D8E1A2B3C4D5E6F708192A1 /* CubeLUT.swift in Sources */ = {isa = PBXBuildFile; fileRef = 6A1B2C3D4E5F60718293A4B5 /* CubeLUT.swift */; };
		530D388C6345EA01B97ABAE5 /* XcodeProjectSmokeTests.swift in Sources */ = {isa = PBXBuildFile; fileRef = 3A6780C1AABDDEC3A2A90702 /* XcodeProjectSmokeTests.swift */; };
		5E9F2A3B4C5D6E7F8091A2B3 /* LUTBaker.swift in Sources */ = {isa = PBXBuildFile; fileRef = 7B2C3D4E5F60718293A4B5C6 /* LUTBaker.swift */; };
		5AA977163540DCD6DE9061FE /* ConnectionState.swift in Sources */ = {isa = PBXBuildFile; fileRef = D4B6294B91BE0853F9A3EEA7 /* ConnectionState.swift */; };
		688052382D49724F90EBF3FF /* PreviewFeature.swift in Sources */ = {isa = PBXBuildFile; fileRef = B25A9D3DCFC12BD1C603FFC5 /* PreviewFeature.swift */; };
		68F0D84C3A9B4A6D8E2F1137 /* LibraryFeature.swift in Sources */ = {isa = PBXBuildFile; fileRef = 4E00400E123FC2A110808CFF /* LibraryFeature.swift */; };
		6BF5BA10FBAA57D7FAA72966 /* StoredColorBoxDevice.swift in Sources */ = {isa = PBXBuildFile; fileRef = AB117576B1B29427F7C93BF2 /* StoredColorBoxDevice.swift */; };
		6E9DAA4266AC8C6BC4D985FE /* SimultaneousTouchGestureRecognizer.swift in Sources */ = {isa = PBXBuildFile; fileRef = 057EFA4F2EB71F60D70C649C /* SimultaneousTouchGestureRecognizer.swift */; };
		7D16F06428B728C310A1FFB6 /* HapticsCoordinator.swift in Sources */ = {isa = PBXBuildFile; fileRef = 54BA60C6477EBDB48F732865 /* HapticsCoordinator.swift */; };
		7FA5D2B7C61E4A5D9A30B2E1 /* TransferFunction.swift in Sources */ = {isa = PBXBuildFile; fileRef = 728C3F7A6F09144E6F651500 /* TransferFunction.swift */; };
		8691BBEA6CC3B46DE02A1575 /* GradeFeature.swift in Sources */ = {isa = PBXBuildFile; fileRef = 9BCE6295A23A5BBCD77250A7 /* GradeFeature.swift */; };
		8DCCDC6E1B1BB18CB6AFF10C /* ColorBoxModels.swift in Sources */ = {isa = PBXBuildFile; fileRef = 257C20419E9E5CF809CFA408 /* ColorBoxModels.swift */; };
		93EAD9A4FA0356B42AA10140 /* ColorBoxAPIClient.swift in Sources */ = {isa = PBXBuildFile; fileRef = B2DF6571EEFDB110C4F64390 /* ColorBoxAPIClient.swift */; };
		9D125BA17BA16CDB314D7AA7 /* Foundation.framework in Frameworks */ = {isa = PBXBuildFile; fileRef = 8C6EF12F301DAD65E1C33A2F /* Foundation.framework */; };
		A309AF921D092781CB0D9440 /* PresetsFeature.swift in Sources */ = {isa = PBXBuildFile; fileRef = C4807BC9DC90F98D9A1D25AF /* PresetsFeature.swift */; };
		A38F5BADF7140A5C2F165251 /* ContentView.swift in Sources */ = {isa = PBXBuildFile; fileRef = AC6A2386910E03C6F758A07A /* ContentView.swift */; };
		C6D990EA781C306118847748 /* SettingsFeature.swift in Sources */ = {isa = PBXBuildFile; fileRef = 69F8B8852A2033AE42972067 /* SettingsFeature.swift */; };
		D06D6F4BD55DDBDD18DFC7C3 /* ConnectFeature.swift in Sources */ = {isa = PBXBuildFile; fileRef = D8CD559F7150F7CBF9EB0E95 /* ConnectFeature.swift */; };
		D564E22191EDE1E5AE5B3E41 /* TrackGradeDeviceDiscovery.swift in Sources */ = {isa = PBXBuildFile; fileRef = 5F7BAC22CBC67400F5C4C6CB /* TrackGradeDeviceDiscovery.swift */; };
		D66181E96B5D609C7568B20E /* Foundation.framework in Frameworks */ = {isa = PBXBuildFile; fileRef = 8C6EF12F301DAD65E1C33A2F /* Foundation.framework */; };
		E8799EC8BD2B9C1B23668CA3 /* ColorBoxAPIError.swift in Sources */ = {isa = PBXBuildFile; fileRef = 23AB7D1C11262FA249E32C61 /* ColorBoxAPIError.swift */; };
		F35FADF766FC9DD5DC842C29 /* TrackGradeAppModel.swift in Sources */ = {isa = PBXBuildFile; fileRef = 07A96D605C27E8A6A4694B7C /* TrackGradeAppModel.swift */; };
		FB827231C6BC1025363B6429 /* TrackGradeApp.swift in Sources */ = {isa = PBXBuildFile; fileRef = 33A68A1FD1576A29A61142A2 /* TrackGradeApp.swift */; };
/* End PBXBuildFile section */

/* Begin PBXContainerItemProxy section */
		5D6E7F8091A2B3C4D5E6F708 /* PBXContainerItemProxy */ = {
			isa = PBXContainerItemProxy;
			containerPortal = 89A58E2DF6BA95575B07EEDE /* Project object */;
			proxyType = 1;
			remoteGlobalIDString = 8FA6BAC6CB05DF9EDD96C9BD;
			remoteInfo = TrackGrade;
		};
/* End PBXContainerItemProxy section */

/* Begin PBXFileReference section */
		03F0E651F44C3F9FEE012E08 /* DeviceManager.swift */ = {isa = PBXFileReference; includeInIndex = 1; lastKnownFileType = sourcecode.swift; path = DeviceManager.swift; sourceTree = "<group>"; };
		057EFA4F2EB71F60D70C649C /* SimultaneousTouchGestureRecognizer.swift */ = {isa = PBXFileReference; includeInIndex = 1; lastKnownFileType = sourcecode.swift; path = SimultaneousTouchGestureRecognizer.swift; sourceTree = "<group>"; };
		07A96D605C27E8A6A4694B7C /* TrackGradeAppModel.swift */ = {isa = PBXFileReference; includeInIndex = 1; lastKnownFileType = sourcecode.swift; path = TrackGradeAppModel.swift; sourceTree = "<group>"; };
		15A9A9C0663C976ACADAAE92 /* BRIEF.md */ = {isa = PBXFileReference; includeInIndex = 1; lastKnownFileType = net.daringfireball.markdown; path = BRIEF.md; sourceTree = "<group>"; };
		1A2B3C4D5E6F708192A3B4C5 /* LaunchScreen.storyboard */ = {isa = PBXFileReference; lastKnownFileType = file.storyboard; path = LaunchScreen.storyboard; sourceTree = "<group>"; };
		1FC308DD55BD72E143130C7F /* TrackGradeUITests.swift */ = {isa = PBXFileReference; includeInIndex = 1; lastKnownFileType = sourcecode.swift; path = TrackGradeUITests.swift; sourceTree = "<group>"; };
		23AB7D1C11262FA249E32C61 /* ColorBoxAPIError.swift */ = {isa = PBXFileReference; includeInIndex = 1; lastKnownFileType = sourcecode.swift; path = ColorBoxAPIError.swift; sourceTree = "<group>"; };
		257C20419E9E5CF809CFA408 /* ColorBoxModels.swift */ = {isa = PBXFileReference; includeInIndex = 1; lastKnownFileType = sourcecode.swift; path = ColorBoxModels.swift; sourceTree = "<group>"; };
		2D4D6A4A13A3D685705F2CCF /* TrackGradeCore.swift */ = {isa = PBXFileReference; includeInIndex = 1; lastKnownFileType = sourcecode.swift; path = TrackGradeCore.swift; sourceTree = "<group>"; };
		33A68A1FD1576A29A61142A2 /* TrackGradeApp.swift */ = {isa = PBXFileReference; includeInIndex = 1; lastKnownFileType = sourcecode.swift; path = TrackGradeApp.swift; sourceTree = "<group>"; };
		33DF80F1E024D6E39958EEE8 /* Info.plist */ = {isa = PBXFileReference; includeInIndex = 1; lastKnownFileType = text.plist.xml; path = Info.plist; sourceTree = "<group>"; };
		3A6780C1AABDDEC3A2A90702 /* XcodeProjectSmokeTests.swift */ = {isa = PBXFileReference; includeInIndex = 1; lastKnownFileType = sourcecode.swift; path = XcodeProjectSmokeTests.swift; sourceTree = "<group>"; };
		3B4C5D6E7F8091A2B3C4D5E6 /* TrackGradeLaunchConfiguration.swift */ = {isa = PBXFileReference; includeInIndex = 1; lastKnownFileType = sourcecode.swift; path = TrackGradeLaunchConfiguration.swift; sourceTree = "<group>"; };
		3C0A5E4E6F7A8B9C0D1E2F31 /* DynamicLUTUploadQueue.swift */ = {isa = PBXFileReference; includeInIndex = 1; lastKnownFileType = sourcecode.swift; path = DynamicLUTUploadQueue.swift; sourceTree = "<group>"; };
		4AD7CF2FF490249447FA8A7B /* TrackGrade.app */ = {isa = PBXFileReference; explicitFileType = wrapper.application; includeInIndex = 0; path = TrackGrade.app; sourceTree = BUILT_PRODUCTS_DIR; };
		4B55F75D9C264FC1A9F5D7C2 /* Assets.xcassets */ = {isa = PBXFileReference; lastKnownFileType = folder.assetcatalog; path = Assets.xcassets; sourceTree = "<group>"; };
		4C5D6E7F8091A2B3C4D5E6F7 /* TrackGradeUITests.xctest */ = {isa = PBXFileReference; explicitFileType = wrapper.cfbundle; includeInIndex = 0; path = TrackGradeUITests.xctest; sourceTree = BUILT_PRODUCTS_DIR; };
		4E00400E123FC2A110808CFF /* LibraryFeature.swift */ = {isa = PBXFileReference; includeInIndex = 1; lastKnownFileType = sourcecode.swift; path = LibraryFeature.swift; sourceTree = "<group>"; };
		54BA60C6477EBDB48F732865 /* HapticsCoordinator.swift */ = {isa = PBXFileReference; includeInIndex = 1; lastKnownFileType = sourcecode.swift; path = HapticsCoordinator.swift; sourceTree = "<group>"; };
		5643DBB9C9225A716F1E0DC6 /* CDL.swift */ = {isa = PBXFileReference; includeInIndex = 1; lastKnownFileType = sourcecode.swift; path = CDL.swift; sourceTree = "<group>"; };
		5F7BAC22CBC67400F5C4C6CB /* TrackGradeDeviceDiscovery.swift */ = {isa = PBXFileReference; includeInIndex = 1; lastKnownFileType = sourcecode.swift; path = TrackGradeDeviceDiscovery.swift; sourceTree = "<group>"; };
		69F8B8852A2033AE42972067 /* SettingsFeature.swift */ = {isa = PBXFileReference; includeInIndex = 1; lastKnownFileType = sourcecode.swift; path = SettingsFeature.swift; sourceTree = "<group>"; };
		6A1B2C3D4E5F60718293A4B5 /* CubeLUT.swift */ = {isa = PBXFileReference; includeInIndex = 1; lastKnownFileType = sourcecode.swift; path = CubeLUT.swift; sourceTree = "<group>"; };
		728C3F7A6F09144E6F651500 /* TransferFunction.swift */ = {isa = PBXFileReference; includeInIndex = 1; lastKnownFileType = sourcecode.swift; path = TransferFunction.swift; sourceTree = "<group>"; };
		7B2C3D4E5F60718293A4B5C6 /* LUTBaker.swift */ = {isa = PBXFileReference; includeInIndex = 1; lastKnownFileType = sourcecode.swift; path = LUTBaker.swift; sourceTree = "<group>"; };
		78B35BC4B94955A0E950CF9E /* TrackGradeCorePlaceholderTests.swift */ = {isa = PBXFileReference; includeInIndex = 1; lastKnownFileType = sourcecode.swift; path = TrackGradeCorePlaceholderTests.swift; sourceTree = "<group>"; };
		7C102F609CA5746C3FDCB3A0 /* PersistenceModels.swift */ = {isa = PBXFileReference; includeInIndex = 1; lastKnownFileType = sourcecode.swift; path = PersistenceModels.swift; sourceTree = "<group>"; };
		83FE92E3B46E2EDD25D6A84F /* TrackGradeKeychainStore.swift */ = {isa = PBXFileReference; includeInIndex = 1; lastKnownFileType = sourcecode.swift; path = TrackGradeKeychainStore.swift; sourceTree = "<group>"; };
		8C6EF12F301DAD65E1C33A2F /* Foundation.framework */ = {isa = PBXFileReference; lastKnownFileType = wrapper.framework; name = Foundation.framework; path = Platforms/iPhoneOS.platform/Developer/SDKs/iPhoneOS18.0.sdk/System/Library/Frameworks/Foundation.framework; sourceTree = DEVELOPER_DIR; };
		9BCE6295A23A5BBCD77250A7 /* GradeFeature.swift */ = {isa = PBXFileReference; includeInIndex = 1; lastKnownFileType = sourcecode.swift; path = GradeFeature.swift; sourceTree = "<group>"; };
		AB117576B1B29427F7C93BF2 /* StoredColorBoxDevice.swift */ = {isa = PBXFileReference; includeInIndex = 1; lastKnownFileType = sourcecode.swift; path = StoredColorBoxDevice.swift; sourceTree = "<group>"; };
		AC6A2386910E03C6F758A07A /* ContentView.swift */ = {isa = PBXFileReference; includeInIndex = 1; lastKnownFileType = sourcecode.swift; path = ContentView.swift; sourceTree = "<group>"; };
		AD0220919F231A9F562C375C /* main.swift */ = {isa = PBXFileReference; includeInIndex = 1; lastKnownFileType = sourcecode.swift; path = main.swift; sourceTree = "<group>"; };
		B25A9D3DCFC12BD1C603FFC5 /* PreviewFeature.swift */ = {isa = PBXFileReference; includeInIndex = 1; lastKnownFileType = sourcecode.swift; path = PreviewFeature.swift; sourceTree = "<group>"; };
		B2DF6571EEFDB110C4F64390 /* ColorBoxAPIClient.swift */ = {isa = PBXFileReference; includeInIndex = 1; lastKnownFileType = sourcecode.swift; path = ColorBoxAPIClient.swift; sourceTree = "<group>"; };
		B6A4A535A16C51B8882B2D27 /* TrackGradeTests.xctest */ = {isa = PBXFileReference; explicitFileType = wrapper.cfbundle; includeInIndex = 0; path = TrackGradeTests.xctest; sourceTree = BUILT_PRODUCTS_DIR; };
		B819E44588E9018032E7C600 /* ARCHITECTURE.md */ = {isa = PBXFileReference; includeInIndex = 1; lastKnownFileType = net.daringfireball.markdown; path = ARCHITECTURE.md; sourceTree = "<group>"; };
		C4807BC9DC90F98D9A1D25AF /* PresetsFeature.swift */ = {isa = PBXFileReference; includeInIndex = 1; lastKnownFileType = sourcecode.swift; path = PresetsFeature.swift; sourceTree = "<group>"; };
		CB9A40F6050A1549F2216DE5 /* PROGRESS.md */ = {isa = PBXFileReference; includeInIndex = 1; lastKnownFileType = net.daringfireball.markdown; path = PROGRESS.md; sourceTree = "<group>"; };
		D3CE95CFDA017023D1908CE6 /* TrackGradeIntegrationPlaceholderTests.swift */ = {isa = PBXFileReference; includeInIndex = 1; lastKnownFileType = sourcecode.swift; path = TrackGradeIntegrationPlaceholderTests.swift; sourceTree = "<group>"; };
		D4B6294B91BE0853F9A3EEA7 /* ConnectionState.swift */ = {isa = PBXFileReference; includeInIndex = 1; lastKnownFileType = sourcecode.swift; path = ConnectionState.swift; sourceTree = "<group>"; };
		D8CD559F7150F7CBF9EB0E95 /* ConnectFeature.swift */ = {isa = PBXFileReference; includeInIndex = 1; lastKnownFileType = sourcecode.swift; path = ConnectFeature.swift; sourceTree = "<group>"; };
		DB8A6F83DA64C85A188D2F72 /* USER-GUIDE.md */ = {isa = PBXFileReference; includeInIndex = 1; lastKnownFileType = net.daringfireball.markdown; path = "USER-GUIDE.md"; sourceTree = "<group>"; };
		DE90F0AFA96F037EC8644E48 /* DECISIONS.md */ = {isa = PBXFileReference; includeInIndex = 1; lastKnownFileType = net.daringfireball.markdown; path = DECISIONS.md; sourceTree = "<group>"; };
		DFDBBE6E8D71977B41FE3A76 /* COLOR-SCIENCE.md */ = {isa = PBXFileReference; includeInIndex = 1; lastKnownFileType = net.daringfireball.markdown; path = "COLOR-SCIENCE.md"; sourceTree = "<group>"; };
		FBB648B77DEB548930B59127 /* OPEN-QUESTIONS.md */ = {isa = PBXFileReference; includeInIndex = 1; lastKnownFileType = net.daringfireball.markdown; path = "OPEN-QUESTIONS.md"; sourceTree = "<group>"; };
/* End PBXFileReference section */

/* Begin PBXFrameworksBuildPhase section */
		91A2B3C4D5E6F708192A3B4C /* Frameworks */ = {
			isa = PBXFrameworksBuildPhase;
			buildActionMask = 2147483647;
			files = (
			);
			runOnlyForDeploymentPostprocessing = 0;
		};
		A6275EA6E311DAD2C1A5CEF1 /* Frameworks */ = {
			isa = PBXFrameworksBuildPhase;
			buildActionMask = 2147483647;
			files = (
				D66181E96B5D609C7568B20E /* Foundation.framework in Frameworks */,
			);
			runOnlyForDeploymentPostprocessing = 0;
		};
		DBA25A1C18707F1980FA234C /* Frameworks */ = {
			isa = PBXFrameworksBuildPhase;
			buildActionMask = 2147483647;
			files = (
				9D125BA17BA16CDB314D7AA7 /* Foundation.framework in Frameworks */,
			);
			runOnlyForDeploymentPostprocessing = 0;
		};
/* End PBXFrameworksBuildPhase section */

/* Begin PBXGroup section */
		02612D51FAD71E71494F5CF0 /* Grade */ = {
			isa = PBXGroup;
			children = (
				9BCE6295A23A5BBCD77250A7 /* GradeFeature.swift */,
			);
			path = Grade;
			sourceTree = "<group>";
		};
		253372FE9C8DFDB2C547DE2F /* Preview */ = {
			isa = PBXGroup;
			children = (
				B25A9D3DCFC12BD1C603FFC5 /* PreviewFeature.swift */,
			);
			path = Preview;
			sourceTree = "<group>";
		};
		4AC799E51D5918522893B6CD /* Library */ = {
			isa = PBXGroup;
			children = (
				4E00400E123FC2A110808CFF /* LibraryFeature.swift */,
			);
			path = Library;
			sourceTree = "<group>";
		};
		59F11AE0F5954B85739EE1F6 /* Products */ = {
			isa = PBXGroup;
			children = (
				4AD7CF2FF490249447FA8A7B /* TrackGrade.app */,
				B6A4A535A16C51B8882B2D27 /* TrackGradeTests.xctest */,
				4C5D6E7F8091A2B3C4D5E6F7 /* TrackGradeUITests.xctest */,
			);
			name = Products;
			sourceTree = "<group>";
		};
		5F6D2BBD8D4395A12437C774 /* App */ = {
			isa = PBXGroup;
			children = (
				4B55F75D9C264FC1A9F5D7C2 /* Assets.xcassets */,
				AC6A2386910E03C6F758A07A /* ContentView.swift */,
				1A2B3C4D5E6F708192A3B4C5 /* LaunchScreen.storyboard */,
				33DF80F1E024D6E39958EEE8 /* Info.plist */,
				33A68A1FD1576A29A61142A2 /* TrackGradeApp.swift */,
				3B4C5D6E7F8091A2B3C4D5E6 /* TrackGradeLaunchConfiguration.swift */,
				AB117576B1B29427F7C93BF2 /* StoredColorBoxDevice.swift */,
				07A96D605C27E8A6A4694B7C /* TrackGradeAppModel.swift */,
				5F7BAC22CBC67400F5C4C6CB /* TrackGradeDeviceDiscovery.swift */,
				83FE92E3B46E2EDD25D6A84F /* TrackGradeKeychainStore.swift */,
			);
			path = App;
			sourceTree = "<group>";
		};
		6A6F266AA18927C3DC02AC0C /* Presets */ = {
			isa = PBXGroup;
			children = (
				C4807BC9DC90F98D9A1D25AF /* PresetsFeature.swift */,
			);
			path = Presets;
			sourceTree = "<group>";
		};
		6DC5B154C596502F66665D9F /* iOS */ = {
			isa = PBXGroup;
			children = (
				8C6EF12F301DAD65E1C33A2F /* Foundation.framework */,
			);
			name = iOS;
			sourceTree = "<group>";
		};
		7406735BE007EA697B22EAE1 /* MockServer */ = {
			isa = PBXGroup;
			children = (
				AD0220919F231A9F562C375C /* main.swift */,
			);
			path = MockServer;
			sourceTree = "<group>";
		};
		77C4330B2F36881840959F5A /* IntegrationTests */ = {
			isa = PBXGroup;
			children = (
				D3CE95CFDA017023D1908CE6 /* TrackGradeIntegrationPlaceholderTests.swift */,
			);
			path = IntegrationTests;
			sourceTree = "<group>";
		};
		7AD3125583ADF9D6BC16F755 /* ColorBoxAPI */ = {
			isa = PBXGroup;
			children = (
				B2DF6571EEFDB110C4F64390 /* ColorBoxAPIClient.swift */,
				23AB7D1C11262FA249E32C61 /* ColorBoxAPIError.swift */,
				257C20419E9E5CF809CFA408 /* ColorBoxModels.swift */,
			);
			path = ColorBoxAPI;
			sourceTree = "<group>";
		};
		8500B25E80C8CB73F19007A6 /* Settings */ = {
			isa = PBXGroup;
			children = (
				69F8B8852A2033AE42972067 /* SettingsFeature.swift */,
			);
			path = Settings;
			sourceTree = "<group>";
		};
		85012E9BA17F48CDC47333B9 /* Persistence */ = {
			isa = PBXGroup;
			children = (
				7C102F609CA5746C3FDCB3A0 /* PersistenceModels.swift */,
			);
			path = Persistence;
			sourceTree = "<group>";
		};
		8532186DD169A4E5469E56FD /* Core */ = {
			isa = PBXGroup;
			children = (
				7AD3125583ADF9D6BC16F755 /* ColorBoxAPI */,
				F6A9E3E2C7AAC2A1C094778F /* ColorMath */,
				8E1372D2E89F947E3167E6F7 /* DeviceManager */,
				FFFF4FF4064DED51484CD9AD /* Haptics */,
				85012E9BA17F48CDC47333B9 /* Persistence */,
				2D4D6A4A13A3D685705F2CCF /* TrackGradeCore.swift */,
			);
			path = Core;
			sourceTree = "<group>";
		};
		8E1372D2E89F947E3167E6F7 /* DeviceManager */ = {
			isa = PBXGroup;
			children = (
				03F0E651F44C3F9FEE012E08 /* DeviceManager.swift */,
				D4B6294B91BE0853F9A3EEA7 /* ConnectionState.swift */,
				3C0A5E4E6F7A8B9C0D1E2F31 /* DynamicLUTUploadQueue.swift */,
			);
			path = DeviceManager;
			sourceTree = "<group>";
		};
		94972AAA70EC5902EE1ED719 /* Features */ = {
			isa = PBXGroup;
			children = (
				C4A89A683DED980DDE221A63 /* Connect */,
				02612D51FAD71E71494F5CF0 /* Grade */,
				4AC799E51D5918522893B6CD /* Library */,
				6A6F266AA18927C3DC02AC0C /* Presets */,
				253372FE9C8DFDB2C547DE2F /* Preview */,
				8500B25E80C8CB73F19007A6 /* Settings */,
			);
			path = Features;
			sourceTree = "<group>";
		};
		96033CDB08CFE1DB02E8F69C /* Frameworks */ = {
			isa = PBXGroup;
			children = (
				6DC5B154C596502F66665D9F /* iOS */,
			);
			name = Frameworks;
			sourceTree = "<group>";
		};
		A9A53E468A8F6FF69D115525 = {
			isa = PBXGroup;
			children = (
				5F6D2BBD8D4395A12437C774 /* App */,
				8532186DD169A4E5469E56FD /* Core */,
				E7C0CBB19CC7479FB7AE1F0A /* Docs */,
				94972AAA70EC5902EE1ED719 /* Features */,
				96033CDB08CFE1DB02E8F69C /* Frameworks */,
				7406735BE007EA697B22EAE1 /* MockServer */,
				59F11AE0F5954B85739EE1F6 /* Products */,
				D14D9E767E6DC2B5E8EBAA83 /* Tests */,
				B69FFBC80788664A35452C8B /* UIKit */,
			);
			sourceTree = "<group>";
		};
		B69FFBC80788664A35452C8B /* UIKit */ = {
			isa = PBXGroup;
			children = (
				057EFA4F2EB71F60D70C649C /* SimultaneousTouchGestureRecognizer.swift */,
			);
			path = UIKit;
			sourceTree = "<group>";
		};
		C4A89A683DED980DDE221A63 /* Connect */ = {
			isa = PBXGroup;
			children = (
				D8CD559F7150F7CBF9EB0E95 /* ConnectFeature.swift */,
			);
			path = Connect;
			sourceTree = "<group>";
		};
		D14D9E767E6DC2B5E8EBAA83 /* Tests */ = {
			isa = PBXGroup;
			children = (
				77C4330B2F36881840959F5A /* IntegrationTests */,
				FFB5C73FCF90B71329E99B1D /* UITests */,
				E7D6375752AF472C61886899 /* UnitTests */,
			);
			path = Tests;
			sourceTree = "<group>";
		};
		E7C0CBB19CC7479FB7AE1F0A /* Docs */ = {
			isa = PBXGroup;
			children = (
				B819E44588E9018032E7C600 /* ARCHITECTURE.md */,
				15A9A9C0663C976ACADAAE92 /* BRIEF.md */,
				DFDBBE6E8D71977B41FE3A76 /* COLOR-SCIENCE.md */,
				DE90F0AFA96F037EC8644E48 /* DECISIONS.md */,
				FBB648B77DEB548930B59127 /* OPEN-QUESTIONS.md */,
				CB9A40F6050A1549F2216DE5 /* PROGRESS.md */,
				DB8A6F83DA64C85A188D2F72 /* USER-GUIDE.md */,
			);
			path = Docs;
			sourceTree = "<group>";
		};
		E7D6375752AF472C61886899 /* UnitTests */ = {
			isa = PBXGroup;
			children = (
				78B35BC4B94955A0E950CF9E /* TrackGradeCorePlaceholderTests.swift */,
				3A6780C1AABDDEC3A2A90702 /* XcodeProjectSmokeTests.swift */,
			);
			path = UnitTests;
			sourceTree = "<group>";
		};
		F6A9E3E2C7AAC2A1C094778F /* ColorMath */ = {
			isa = PBXGroup;
			children = (
				5643DBB9C9225A716F1E0DC6 /* CDL.swift */,
				6A1B2C3D4E5F60718293A4B5 /* CubeLUT.swift */,
				7B2C3D4E5F60718293A4B5C6 /* LUTBaker.swift */,
				728C3F7A6F09144E6F651500 /* TransferFunction.swift */,
			);
			path = ColorMath;
			sourceTree = "<group>";
		};
		FFB5C73FCF90B71329E99B1D /* UITests */ = {
			isa = PBXGroup;
			children = (
				1FC308DD55BD72E143130C7F /* TrackGradeUITests.swift */,
			);
			path = UITests;
			sourceTree = "<group>";
		};
		FFFF4FF4064DED51484CD9AD /* Haptics */ = {
			isa = PBXGroup;
			children = (
				54BA60C6477EBDB48F732865 /* HapticsCoordinator.swift */,
			);
			path = Haptics;
			sourceTree = "<group>";
		};
/* End PBXGroup section */

/* Begin PBXNativeTarget section */
		7F8091A2B3C4D5E6F708192A /* TrackGradeUITests */ = {
			isa = PBXNativeTarget;
			buildConfigurationList = D5E6F708192A3B4C5D6E7F80 /* Build configuration list for PBXNativeTarget "TrackGradeUITests" */;
			buildPhases = (
				A2B3C4D5E6F708192A3B4C5D /* Sources */,
				91A2B3C4D5E6F708192A3B4C /* Frameworks */,
				8091A2B3C4D5E6F708192A3B /* Resources */,
			);
			buildRules = (
			);
			dependencies = (
				6E7F8091A2B3C4D5E6F70819 /* PBXTargetDependency */,
			);
			name = TrackGradeUITests;
			productName = TrackGradeUITests;
			productReference = 4C5D6E7F8091A2B3C4D5E6F7 /* TrackGradeUITests.xctest */;
			productType = "com.apple.product-type.bundle.ui-testing";
		};
		8FA6BAC6CB05DF9EDD96C9BD /* TrackGrade */ = {
			isa = PBXNativeTarget;
			buildConfigurationList = 4ABC18ED345E7D401D69DB74 /* Build configuration list for PBXNativeTarget "TrackGrade" */;
			buildPhases = (
				E8F3215E7C287FB0A1DA0E35 /* Sources */,
				DBA25A1C18707F1980FA234C /* Frameworks */,
				4979CAEC09A4F3B2B33E19DB /* Resources */,
			);
			buildRules = (
			);
			dependencies = (
			);
			name = TrackGrade;
			productName = TrackGrade;
			productReference = 4AD7CF2FF490249447FA8A7B /* TrackGrade.app */;
			productType = "com.apple.product-type.application";
		};
		F9FA74A20ADE198528906EF5 /* TrackGradeTests */ = {
			isa = PBXNativeTarget;
			buildConfigurationList = 9D85E09313BA4CF90DF43792 /* Build configuration list for PBXNativeTarget "TrackGradeTests" */;
			buildPhases = (
				FB36BF0FFE7D27F9D06DCBB8 /* Sources */,
				A6275EA6E311DAD2C1A5CEF1 /* Frameworks */,
				7CEDC08CB8BF9D29AA1B72FC /* Resources */,
			);
			buildRules = (
			);
			dependencies = (
			);
			name = TrackGradeTests;
			productName = TrackGradeTests;
			productReference = B6A4A535A16C51B8882B2D27 /* TrackGradeTests.xctest */;
			productType = "com.apple.product-type.bundle.unit-test";
		};
/* End PBXNativeTarget section */

/* Begin PBXProject section */
		89A58E2DF6BA95575B07EEDE /* Project object */ = {
			isa = PBXProject;
			attributes = {
				BuildIndependentTargetsInParallel = YES;
				LastSwiftUpdateCheck = 2600;
				LastUpgradeCheck = 2640;
				TargetAttributes = {
					7F8091A2B3C4D5E6F708192A = {
						TestTargetID = 8FA6BAC6CB05DF9EDD96C9BD;
					};
				};
			};
			buildConfigurationList = A746F679B7B2D86D3A9BFAFA /* Build configuration list for PBXProject "TrackGrade" */;
			compatibilityVersion = "Xcode 3.2";
			developmentRegion = en;
			hasScannedForEncodings = 0;
			knownRegions = (
				en,
				Base,
			);
			mainGroup = A9A53E468A8F6FF69D115525;
			productRefGroup = 59F11AE0F5954B85739EE1F6 /* Products */;
			projectDirPath = "";
			projectRoot = "";
			targets = (
				8FA6BAC6CB05DF9EDD96C9BD /* TrackGrade */,
				7F8091A2B3C4D5E6F708192A /* TrackGradeUITests */,
				F9FA74A20ADE198528906EF5 /* TrackGradeTests */,
			);
		};
/* End PBXProject section */

/* Begin PBXResourcesBuildPhase section */
		4979CAEC09A4F3B2B33E19DB /* Resources */ = {
			isa = PBXResourcesBuildPhase;
			buildActionMask = 2147483647;
			files = (
				1FA6C6D98A7E4D75A6B5D8E2 /* Assets.xcassets in Resources */,
				0F1E2D3C4B5A69788796A5B4 /* LaunchScreen.storyboard in Resources */,
			);
			runOnlyForDeploymentPostprocessing = 0;
		};
		7CEDC08CB8BF9D29AA1B72FC /* Resources */ = {
			isa = PBXResourcesBuildPhase;
			buildActionMask = 2147483647;
			files = (
			);
			runOnlyForDeploymentPostprocessing = 0;
		};
		8091A2B3C4D5E6F708192A3B /* Resources */ = {
			isa = PBXResourcesBuildPhase;
			buildActionMask = 2147483647;
			files = (
			);
			runOnlyForDeploymentPostprocessing = 0;
		};
/* End PBXResourcesBuildPhase section */

/* Begin PBXSourcesBuildPhase section */
		A2B3C4D5E6F708192A3B4C5D /* Sources */ = {
			isa = PBXSourcesBuildPhase;
			buildActionMask = 2147483647;
			files = (
				2A4B6C8D0E1F23456789ABCD /* TrackGradeUITests.swift in Sources */,
			);
			runOnlyForDeploymentPostprocessing = 0;
		};
		E8F3215E7C287FB0A1DA0E35 /* Sources */ = {
			isa = PBXSourcesBuildPhase;
			buildActionMask = 2147483647;
			files = (
				A38F5BADF7140A5C2F165251 /* ContentView.swift in Sources */,
				FB827231C6BC1025363B6429 /* TrackGradeApp.swift in Sources */,
				1F3A6E5B9C4D7A8E1B2C3D4E /* TrackGradeLaunchConfiguration.swift in Sources */,
				6BF5BA10FBAA57D7FAA72966 /* StoredColorBoxDevice.swift in Sources */,
				F35FADF766FC9DD5DC842C29 /* TrackGradeAppModel.swift in Sources */,
				D564E22191EDE1E5AE5B3E41 /* TrackGradeDeviceDiscovery.swift in Sources */,
				20191BD5DBB39584F98F3567 /* TrackGradeKeychainStore.swift in Sources */,
				D06D6F4BD55DDBDD18DFC7C3 /* ConnectFeature.swift in Sources */,
				8691BBEA6CC3B46DE02A1575 /* GradeFeature.swift in Sources */,
				68F0D84C3A9B4A6D8E2F1137 /* LibraryFeature.swift in Sources */,
				C6D990EA781C306118847748 /* SettingsFeature.swift in Sources */,
				A309AF921D092781CB0D9440 /* PresetsFeature.swift in Sources */,
				688052382D49724F90EBF3FF /* PreviewFeature.swift in Sources */,
				93EAD9A4FA0356B42AA10140 /* ColorBoxAPIClient.swift in Sources */,
				E8799EC8BD2B9C1B23668CA3 /* ColorBoxAPIError.swift in Sources */,
				8DCCDC6E1B1BB18CB6AFF10C /* ColorBoxModels.swift in Sources */,
				5AA977163540DCD6DE9061FE /* ConnectionState.swift in Sources */,
				2AFFEB6486133495102E5BA6 /* DeviceManager.swift in Sources */,
				3C0A5E4E6F7A8B9C0D1E2F30 /* DynamicLUTUploadQueue.swift in Sources */,
				1C7E5F2B9A4D41C1A0B1C2D3 /* CDL.swift in Sources */,
				4D8E1A2B3C4D5E6F708192A1 /* CubeLUT.swift in Sources */,
				5E9F2A3B4C5D6E7F8091A2B3 /* LUTBaker.swift in Sources */,
				7FA5D2B7C61E4A5D9A30B2E1 /* TransferFunction.swift in Sources */,
				7D16F06428B728C310A1FFB6 /* HapticsCoordinator.swift in Sources */,
				6E9DAA4266AC8C6BC4D985FE /* SimultaneousTouchGestureRecognizer.swift in Sources */,
			);
			runOnlyForDeploymentPostprocessing = 0;
		};
		FB36BF0FFE7D27F9D06DCBB8 /* Sources */ = {
			isa = PBXSourcesBuildPhase;
			buildActionMask = 2147483647;
			files = (
				530D388C6345EA01B97ABAE5 /* XcodeProjectSmokeTests.swift in Sources */,
			);
			runOnlyForDeploymentPostprocessing = 0;
		};
/* End PBXSourcesBuildPhase section */

/* Begin PBXTargetDependency section */
		6E7F8091A2B3C4D5E6F70819 /* PBXTargetDependency */ = {
			isa = PBXTargetDependency;
			target = 8FA6BAC6CB05DF9EDD96C9BD /* TrackGrade */;
			targetProxy = 5D6E7F8091A2B3C4D5E6F708 /* PBXContainerItemProxy */;
		};
/* End PBXTargetDependency section */

/* Begin XCBuildConfiguration section */
		06B2C94485B414B1E0815335 /* Release */ = {
			isa = XCBuildConfiguration;
			buildSettings = {
				CLANG_ENABLE_OBJC_WEAK = NO;
				CODE_SIGN_STYLE = Automatic;
				GENERATE_INFOPLIST_FILE = YES;
				IPHONEOS_DEPLOYMENT_TARGET = 18.0;
				LD_RUNPATH_SEARCH_PATHS = (
					"$(inherited)",
					"@loader_path/Frameworks",
				);
				PRODUCT_BUNDLE_IDENTIFIER = com.example.trackgrade.tests;
				SDKROOT = iphoneos;
				SUPPORTED_PLATFORMS = "iphoneos iphonesimulator";
				SUPPORTS_MACCATALYST = NO;
				SWIFT_STRICT_CONCURRENCY = complete;
				SWIFT_VERSION = 6.0;
				TARGETED_DEVICE_FAMILY = 2;
				VALIDATE_PRODUCT = YES;
			};
			name = Release;
		};
		0E233D99276F73AD1E9DAD88 /* Debug */ = {
			isa = XCBuildConfiguration;
			buildSettings = {
				CLANG_ENABLE_OBJC_WEAK = NO;
				CODE_SIGN_STYLE = Automatic;
				GENERATE_INFOPLIST_FILE = YES;
				IPHONEOS_DEPLOYMENT_TARGET = 18.0;
				LD_RUNPATH_SEARCH_PATHS = (
					"$(inherited)",
					"@loader_path/Frameworks",
				);
				PRODUCT_BUNDLE_IDENTIFIER = com.example.trackgrade.tests;
				SDKROOT = iphoneos;
				SUPPORTED_PLATFORMS = "iphoneos iphonesimulator";
				SUPPORTS_MACCATALYST = NO;
				SWIFT_STRICT_CONCURRENCY = complete;
				SWIFT_VERSION = 6.0;
				TARGETED_DEVICE_FAMILY = 2;
			};
			name = Debug;
		};
		7DAAA9212618AA0FCE8265F7 /* Debug */ = {
			isa = XCBuildConfiguration;
			buildSettings = {
				ASSETCATALOG_COMPILER_APPICON_NAME = AppIcon;
				CLANG_ENABLE_OBJC_WEAK = NO;
				CODE_SIGN_STYLE = Automatic;
				DEVELOPMENT_TEAM = GWKPUBB74W;
				GENERATE_INFOPLIST_FILE = NO;
				INFOPLIST_FILE = App/Info.plist;
				INFOPLIST_KEY_LSApplicationCategoryType = "public.app-category.video";
				IPHONEOS_DEPLOYMENT_TARGET = 18.0;
				LD_RUNPATH_SEARCH_PATHS = (
					"$(inherited)",
					"@executable_path/Frameworks",
				);
				MARKETING_VERSION = 0.1.0;
				PRODUCT_BUNDLE_IDENTIFIER = com.getready1.trackgrade;
				SDKROOT = iphoneos;
				SUPPORTED_PLATFORMS = "iphoneos iphonesimulator";
				SUPPORTS_MACCATALYST = NO;
				SUPPORTS_XR_DESIGNED_FOR_IPHONE_IPAD = NO;
				SWIFT_STRICT_CONCURRENCY = complete;
				SWIFT_VERSION = 6.0;
				TARGETED_DEVICE_FAMILY = 2;
			};
			name = Debug;
		};
		811DD34E3C006BC04C5B1EFE /* Release */ = {
			isa = XCBuildConfiguration;
			buildSettings = {
				ASSETCATALOG_COMPILER_APPICON_NAME = AppIcon;
				CLANG_ENABLE_OBJC_WEAK = NO;
				CODE_SIGN_STYLE = Automatic;
				DEVELOPMENT_TEAM = GWKPUBB74W;
				GENERATE_INFOPLIST_FILE = NO;
				INFOPLIST_FILE = App/Info.plist;
				INFOPLIST_KEY_LSApplicationCategoryType = "public.app-category.video";
				IPHONEOS_DEPLOYMENT_TARGET = 18.0;
				LD_RUNPATH_SEARCH_PATHS = (
					"$(inherited)",
					"@executable_path/Frameworks",
				);
				MARKETING_VERSION = 0.1.0;
				PRODUCT_BUNDLE_IDENTIFIER = com.getready1.trackgrade;
				SDKROOT = iphoneos;
				SUPPORTED_PLATFORMS = "iphoneos iphonesimulator";
				SUPPORTS_MACCATALYST = NO;
				SUPPORTS_XR_DESIGNED_FOR_IPHONE_IPAD = NO;
				SWIFT_STRICT_CONCURRENCY = complete;
				SWIFT_VERSION = 6.0;
				TARGETED_DEVICE_FAMILY = 2;
				VALIDATE_PRODUCT = YES;
			};
			name = Release;
		};
		B3C4D5E6F708192A3B4C5D6E /* Debug */ = {
			isa = XCBuildConfiguration;
			buildSettings = {
				CLANG_ENABLE_OBJC_WEAK = NO;
				CODE_SIGN_STYLE = Automatic;
				GENERATE_INFOPLIST_FILE = YES;
				IPHONEOS_DEPLOYMENT_TARGET = 18.0;
				LD_RUNPATH_SEARCH_PATHS = (
					"$(inherited)",
					"@executable_path/Frameworks",
					"@loader_path/Frameworks",
				);
				PRODUCT_BUNDLE_IDENTIFIER = com.example.trackgrade.uitests;
				PRODUCT_NAME = "$(TARGET_NAME)";
				SDKROOT = iphoneos;
				SUPPORTED_PLATFORMS = "iphoneos iphonesimulator";
				SUPPORTS_MACCATALYST = NO;
				SWIFT_STRICT_CONCURRENCY = complete;
				SWIFT_VERSION = 6.0;
				TARGETED_DEVICE_FAMILY = 2;
				TEST_TARGET_NAME = TrackGrade;
			};
			name = Debug;
		};
		C4D5E6F708192A3B4C5D6E7F /* Release */ = {
			isa = XCBuildConfiguration;
			buildSettings = {
				CLANG_ENABLE_OBJC_WEAK = NO;
				CODE_SIGN_STYLE = Automatic;
				GENERATE_INFOPLIST_FILE = YES;
				IPHONEOS_DEPLOYMENT_TARGET = 18.0;
				LD_RUNPATH_SEARCH_PATHS = (
					"$(inherited)",
					"@executable_path/Frameworks",
					"@loader_path/Frameworks",
				);
				PRODUCT_BUNDLE_IDENTIFIER = com.example.trackgrade.uitests;
				PRODUCT_NAME = "$(TARGET_NAME)";
				SDKROOT = iphoneos;
				SUPPORTED_PLATFORMS = "iphoneos iphonesimulator";
				SUPPORTS_MACCATALYST = NO;
				SWIFT_STRICT_CONCURRENCY = complete;
				SWIFT_VERSION = 6.0;
				TARGETED_DEVICE_FAMILY = 2;
				TEST_TARGET_NAME = TrackGrade;
				VALIDATE_PRODUCT = YES;
			};
			name = Release;
		};
		D338EEA7B785D021E1560831 /* Release */ = {
			isa = XCBuildConfiguration;
			buildSettings = {
				ALWAYS_SEARCH_USER_PATHS = NO;
				CLANG_ANALYZER_NONNULL = YES;
				CLANG_ANALYZER_NUMBER_OBJECT_CONVERSION = YES_AGGRESSIVE;
				CLANG_CXX_LANGUAGE_STANDARD = "gnu++14";
				CLANG_CXX_LIBRARY = "libc++";
				CLANG_ENABLE_MODULES = YES;
				CLANG_ENABLE_OBJC_ARC = YES;
				CLANG_ENABLE_OBJC_WEAK = YES;
				CLANG_WARN_BLOCK_CAPTURE_AUTORELEASING = YES;
				CLANG_WARN_BOOL_CONVERSION = YES;
				CLANG_WARN_COMMA = YES;
				CLANG_WARN_CONSTANT_CONVERSION = YES;
				CLANG_WARN_DEPRECATED_OBJC_IMPLEMENTATIONS = YES;
				CLANG_WARN_DIRECT_OBJC_ISA_USAGE = YES_ERROR;
				CLANG_WARN_DOCUMENTATION_COMMENTS = YES;
				CLANG_WARN_EMPTY_BODY = YES;
				CLANG_WARN_ENUM_CONVERSION = YES;
				CLANG_WARN_INFINITE_RECURSION = YES;
				CLANG_WARN_INT_CONVERSION = YES;
				CLANG_WARN_NON_LITERAL_NULL_CONVERSION = YES;
				CLANG_WARN_OBJC_IMPLICIT_RETAIN_SELF = YES;
				CLANG_WARN_OBJC_LITERAL_CONVERSION = YES;
				CLANG_WARN_OBJC_ROOT_CLASS = YES_ERROR;
				CLANG_WARN_QUOTED_INCLUDE_IN_FRAMEWORK_HEADER = YES;
				CLANG_WARN_RANGE_LOOP_ANALYSIS = YES;
				CLANG_WARN_STRICT_PROTOTYPES = YES;
				CLANG_WARN_SUSPICIOUS_MOVE = YES;
				CLANG_WARN_UNGUARDED_AVAILABILITY = YES_AGGRESSIVE;
				CLANG_WARN_UNREACHABLE_CODE = YES;
				CLANG_WARN__DUPLICATE_METHOD_MATCH = YES;
				COPY_PHASE_STRIP = NO;
				DEAD_CODE_STRIPPING = YES;
				DEBUG_INFORMATION_FORMAT = "dwarf-with-dsym";
				ENABLE_NS_ASSERTIONS = NO;
				ENABLE_STRICT_OBJC_MSGSEND = YES;
				ENABLE_USER_SCRIPT_SANDBOXING = YES;
				GCC_C_LANGUAGE_STANDARD = gnu11;
				GCC_NO_COMMON_BLOCKS = YES;
				GCC_WARN_64_TO_32_BIT_CONVERSION = YES;
				GCC_WARN_ABOUT_RETURN_TYPE = YES_ERROR;
				GCC_WARN_UNDECLARED_SELECTOR = YES;
				GCC_WARN_UNINITIALIZED_AUTOS = YES_AGGRESSIVE;
				GCC_WARN_UNUSED_FUNCTION = YES;
				GCC_WARN_UNUSED_VARIABLE = YES;
				MTL_ENABLE_DEBUG_INFO = NO;
				MTL_FAST_MATH = YES;
				PRODUCT_NAME = "$(TARGET_NAME)";
				STRING_CATALOG_GENERATE_SYMBOLS = YES;
				SWIFT_COMPILATION_MODE = wholemodule;
				SWIFT_OPTIMIZATION_LEVEL = "-O";
				SWIFT_STRICT_CONCURRENCY = complete;
				SWIFT_VERSION = 6.0;
			};
			name = Release;
		};
		D3423E53F95EE2F0B358F20F /* Debug */ = {
			isa = XCBuildConfiguration;
			buildSettings = {
				ALWAYS_SEARCH_USER_PATHS = NO;
				CLANG_ANALYZER_NONNULL = YES;
				CLANG_ANALYZER_NUMBER_OBJECT_CONVERSION = YES_AGGRESSIVE;
				CLANG_CXX_LANGUAGE_STANDARD = "gnu++14";
				CLANG_CXX_LIBRARY = "libc++";
				CLANG_ENABLE_MODULES = YES;
				CLANG_ENABLE_OBJC_ARC = YES;
				CLANG_ENABLE_OBJC_WEAK = YES;
				CLANG_WARN_BLOCK_CAPTURE_AUTORELEASING = YES;
				CLANG_WARN_BOOL_CONVERSION = YES;
				CLANG_WARN_COMMA = YES;
				CLANG_WARN_CONSTANT_CONVERSION = YES;
				CLANG_WARN_DEPRECATED_OBJC_IMPLEMENTATIONS = YES;
				CLANG_WARN_DIRECT_OBJC_ISA_USAGE = YES_ERROR;
				CLANG_WARN_DOCUMENTATION_COMMENTS = YES;
				CLANG_WARN_EMPTY_BODY = YES;
				CLANG_WARN_ENUM_CONVERSION = YES;
				CLANG_WARN_INFINITE_RECURSION = YES;
				CLANG_WARN_INT_CONVERSION = YES;
				CLANG_WARN_NON_LITERAL_NULL_CONVERSION = YES;
				CLANG_WARN_OBJC_IMPLICIT_RETAIN_SELF = YES;
				CLANG_WARN_OBJC_LITERAL_CONVERSION = YES;
				CLANG_WARN_OBJC_ROOT_CLASS = YES_ERROR;
				CLANG_WARN_QUOTED_INCLUDE_IN_FRAMEWORK_HEADER = YES;
				CLANG_WARN_RANGE_LOOP_ANALYSIS = YES;
				CLANG_WARN_STRICT_PROTOTYPES = YES;
				CLANG_WARN_SUSPICIOUS_MOVE = YES;
				CLANG_WARN_UNGUARDED_AVAILABILITY = YES_AGGRESSIVE;
				CLANG_WARN_UNREACHABLE_CODE = YES;
				CLANG_WARN__DUPLICATE_METHOD_MATCH = YES;
				COPY_PHASE_STRIP = NO;
				DEAD_CODE_STRIPPING = YES;
				DEBUG_INFORMATION_FORMAT = dwarf;
				ENABLE_STRICT_OBJC_MSGSEND = YES;
				ENABLE_TESTABILITY = YES;
				ENABLE_USER_SCRIPT_SANDBOXING = YES;
				GCC_C_LANGUAGE_STANDARD = gnu11;
				GCC_DYNAMIC_NO_PIC = NO;
				GCC_NO_COMMON_BLOCKS = YES;
				GCC_OPTIMIZATION_LEVEL = 0;
				GCC_PREPROCESSOR_DEFINITIONS = (
					"DEBUG=1",
					"$(inherited)",
				);
				GCC_WARN_64_TO_32_BIT_CONVERSION = YES;
				GCC_WARN_ABOUT_RETURN_TYPE = YES_ERROR;
				GCC_WARN_UNDECLARED_SELECTOR = YES;
				GCC_WARN_UNINITIALIZED_AUTOS = YES_AGGRESSIVE;
				GCC_WARN_UNUSED_FUNCTION = YES;
				GCC_WARN_UNUSED_VARIABLE = YES;
				MTL_ENABLE_DEBUG_INFO = INCLUDE_SOURCE;
				MTL_FAST_MATH = YES;
				ONLY_ACTIVE_ARCH = YES;
				PRODUCT_NAME = "$(TARGET_NAME)";
				STRING_CATALOG_GENERATE_SYMBOLS = YES;
				SWIFT_ACTIVE_COMPILATION_CONDITIONS = DEBUG;
				SWIFT_OPTIMIZATION_LEVEL = "-Onone";
				SWIFT_STRICT_CONCURRENCY = complete;
				SWIFT_VERSION = 6.0;
			};
			name = Debug;
		};
/* End XCBuildConfiguration section */

/* Begin XCConfigurationList section */
		4ABC18ED345E7D401D69DB74 /* Build configuration list for PBXNativeTarget "TrackGrade" */ = {
			isa = XCConfigurationList;
			buildConfigurations = (
				7DAAA9212618AA0FCE8265F7 /* Debug */,
				811DD34E3C006BC04C5B1EFE /* Release */,
			);
			defaultConfigurationIsVisible = 0;
			defaultConfigurationName = Release;
		};
		9D85E09313BA4CF90DF43792 /* Build configuration list for PBXNativeTarget "TrackGradeTests" */ = {
			isa = XCConfigurationList;
			buildConfigurations = (
				0E233D99276F73AD1E9DAD88 /* Debug */,
				06B2C94485B414B1E0815335 /* Release */,
			);
			defaultConfigurationIsVisible = 0;
			defaultConfigurationName = Release;
		};
		A746F679B7B2D86D3A9BFAFA /* Build configuration list for PBXProject "TrackGrade" */ = {
			isa = XCConfigurationList;
			buildConfigurations = (
				D3423E53F95EE2F0B358F20F /* Debug */,
				D338EEA7B785D021E1560831 /* Release */,
			);
			defaultConfigurationIsVisible = 0;
			defaultConfigurationName = Release;
		};
		D5E6F708192A3B4C5D6E7F80 /* Build configuration list for PBXNativeTarget "TrackGradeUITests" */ = {
			isa = XCConfigurationList;
			buildConfigurations = (
				B3C4D5E6F708192A3B4C5D6E /* Debug */,
				C4D5E6F708192A3B4C5D6E7F /* Release */,
			);
			defaultConfigurationIsVisible = 0;
			defaultConfigurationName = Release;
		};
/* End XCConfigurationList section */
	};
	rootObject = 89A58E2DF6BA95575B07EEDE /* Project object */;
}
